// !$*UTF8*$!
{
	archiveVersion = 1;
	classes = {
	};
	objectVersion = 50;
	objects = {

/* Begin PBXBuildFile section */
		7B11D9EB24EECFF50035B888 /* QuestionsTableViewCell.swift in Sources */ = {isa = PBXBuildFile; fileRef = 7B11D9EA24EECFF50035B888 /* QuestionsTableViewCell.swift */; };
		7B11D9EE24EED91C0035B888 /* ResponseApiQuestion.swift in Sources */ = {isa = PBXBuildFile; fileRef = 7B11D9ED24EED91C0035B888 /* ResponseApiQuestion.swift */; };
		7B11D9F024EEDE880035B888 /* ApiManagerQuestion.swift in Sources */ = {isa = PBXBuildFile; fileRef = 7B11D9EF24EEDE880035B888 /* ApiManagerQuestion.swift */; };
		7B11D9F824F00ACE0035B888 /* CacheManagerQuestions.swift in Sources */ = {isa = PBXBuildFile; fileRef = 7B11D9F724F00ACE0035B888 /* CacheManagerQuestions.swift */; };
		7B1C597424EA1FF300098F13 /* TipsViewController.swift in Sources */ = {isa = PBXBuildFile; fileRef = 7B1C597324EA1FF300098F13 /* TipsViewController.swift */; };
		7B460F3324E6BF7800B6E686 /* Constants.swift in Sources */ = {isa = PBXBuildFile; fileRef = 7B460F3224E6BF7800B6E686 /* Constants.swift */; };
		7B460F3524E6CCE000B6E686 /* .swiftlint.yml in Resources */ = {isa = PBXBuildFile; fileRef = 7B460F3424E6CCE000B6E686 /* .swiftlint.yml */; };
		7B5E983F24E57FF60016804E /* AppDelegate.swift in Sources */ = {isa = PBXBuildFile; fileRef = 7B5E983E24E57FF60016804E /* AppDelegate.swift */; };
		7B5E984124E57FF60016804E /* SceneDelegate.swift in Sources */ = {isa = PBXBuildFile; fileRef = 7B5E984024E57FF60016804E /* SceneDelegate.swift */; };
		7B5E984924E57FF60016804E /* FlashSwift.xcdatamodeld in Sources */ = {isa = PBXBuildFile; fileRef = 7B5E984724E57FF60016804E /* FlashSwift.xcdatamodeld */; };
		7B5E984B24E57FF70016804E /* Assets.xcassets in Resources */ = {isa = PBXBuildFile; fileRef = 7B5E984A24E57FF70016804E /* Assets.xcassets */; };
		7B5E984E24E57FF70016804E /* LaunchScreen.storyboard in Resources */ = {isa = PBXBuildFile; fileRef = 7B5E984C24E57FF70016804E /* LaunchScreen.storyboard */; };
		7B5E985924E57FF70016804E /* FlashSwiftTests.swift in Sources */ = {isa = PBXBuildFile; fileRef = 7B5E985824E57FF70016804E /* FlashSwiftTests.swift */; };
		7B5E986424E57FF70016804E /* FlashSwiftUITests.swift in Sources */ = {isa = PBXBuildFile; fileRef = 7B5E986324E57FF70016804E /* FlashSwiftUITests.swift */; };
		7B74344424E95C48004F0B73 /* CacheManagerMidia.swift in Sources */ = {isa = PBXBuildFile; fileRef = 7B74344324E95C48004F0B73 /* CacheManagerMidia.swift */; };
		7B7652B224E7568E0011DCB6 /* MidiaModel.swift in Sources */ = {isa = PBXBuildFile; fileRef = 7B7652B124E7568E0011DCB6 /* MidiaModel.swift */; };
		7B7652B624E78CE50011DCB6 /* ApiModel.swift in Sources */ = {isa = PBXBuildFile; fileRef = 7B7652B524E78CE50011DCB6 /* ApiModel.swift */; };
		7B7652B824E78F350011DCB6 /* MidiaViewController.swift in Sources */ = {isa = PBXBuildFile; fileRef = 7B7652B724E78F350011DCB6 /* MidiaViewController.swift */; };
		7B7652BB24E7A5F70011DCB6 /* ResponseApiMidia.swift in Sources */ = {isa = PBXBuildFile; fileRef = 7B7652BA24E7A5F70011DCB6 /* ResponseApiMidia.swift */; };
		7B7652BE24E8AB190011DCB6 /* ApiError.swift in Sources */ = {isa = PBXBuildFile; fileRef = 7B7652BD24E8AB190011DCB6 /* ApiError.swift */; };
		7BA7C32824EEC41300407E39 /* QuestionsViewController.swift in Sources */ = {isa = PBXBuildFile; fileRef = 7BA7C32724EEC41300407E39 /* QuestionsViewController.swift */; };
		7BD72A4A24E98E40004179D2 /* TopicsViewController.swift in Sources */ = {isa = PBXBuildFile; fileRef = 7BD72A4924E98E40004179D2 /* TopicsViewController.swift */; };
		7BD72A4C24E98F91004179D2 /* TopicsModel.swift in Sources */ = {isa = PBXBuildFile; fileRef = 7BD72A4B24E98F91004179D2 /* TopicsModel.swift */; };
		7BEA64D724E8D04800DCA8F7 /* VideoTableViewCell.swift in Sources */ = {isa = PBXBuildFile; fileRef = 7BEA64D624E8D04800DCA8F7 /* VideoTableViewCell.swift */; };
		7BEDAAF224EEBDEC008C6CB8 /* ApiKeys.swift in Sources */ = {isa = PBXBuildFile; fileRef = 7BEDAAF124EEBDEC008C6CB8 /* ApiKeys.swift */; };
		7BEDC13D24E9735400EAA8DF /* WebKit.framework in Frameworks */ = {isa = PBXBuildFile; fileRef = 7BEDC13C24E9735400EAA8DF /* WebKit.framework */; };
		7BF2CD4524E96EAD0076249F /* DetailViewController.swift in Sources */ = {isa = PBXBuildFile; fileRef = 7BF2CD4424E96EAD0076249F /* DetailViewController.swift */; };
		7BF6FE1B24F19A8E00973455 /* OnBoardingViewController.swift in Sources */ = {isa = PBXBuildFile; fileRef = 7B11D9FB24F0A8050035B888 /* OnBoardingViewController.swift */; };
		7BF6FE1C24F19AA000973455 /* Onboarding.storyboard in Resources */ = {isa = PBXBuildFile; fileRef = 7B11D9F924F0A70A0035B888 /* Onboarding.storyboard */; };
		7BFD4AF224E5FE5F00055E23 /* TabBar.storyboard in Resources */ = {isa = PBXBuildFile; fileRef = 7BFD4AF124E5FE5F00055E23 /* TabBar.storyboard */; };
		7BFD4AF524E5FFA000055E23 /* Questions.storyboard in Resources */ = {isa = PBXBuildFile; fileRef = 7BFD4AF424E5FFA000055E23 /* Questions.storyboard */; };
		7BFD4AF724E5FFA800055E23 /* Topics.storyboard in Resources */ = {isa = PBXBuildFile; fileRef = 7BFD4AF624E5FFA800055E23 /* Topics.storyboard */; };
		7BFD4AF924E5FFB000055E23 /* Midia.storyboard in Resources */ = {isa = PBXBuildFile; fileRef = 7BFD4AF824E5FFB000055E23 /* Midia.storyboard */; };
/* End PBXBuildFile section */

/* Begin PBXContainerItemProxy section */
		7B5E985524E57FF70016804E /* PBXContainerItemProxy */ = {
			isa = PBXContainerItemProxy;
			containerPortal = 7B5E983324E57FF60016804E /* Project object */;
			proxyType = 1;
			remoteGlobalIDString = 7B5E983A24E57FF60016804E;
			remoteInfo = FlashSwift;
		};
		7B5E986024E57FF70016804E /* PBXContainerItemProxy */ = {
			isa = PBXContainerItemProxy;
			containerPortal = 7B5E983324E57FF60016804E /* Project object */;
			proxyType = 1;
			remoteGlobalIDString = 7B5E983A24E57FF60016804E;
			remoteInfo = FlashSwift;
		};
/* End PBXContainerItemProxy section */

/* Begin PBXFileReference section */
		7B11D9EA24EECFF50035B888 /* QuestionsTableViewCell.swift */ = {isa = PBXFileReference; lastKnownFileType = sourcecode.swift; path = QuestionsTableViewCell.swift; sourceTree = "<group>"; };
		7B11D9ED24EED91C0035B888 /* ResponseApiQuestion.swift */ = {isa = PBXFileReference; lastKnownFileType = sourcecode.swift; path = ResponseApiQuestion.swift; sourceTree = "<group>"; };
		7B11D9EF24EEDE880035B888 /* ApiManagerQuestion.swift */ = {isa = PBXFileReference; lastKnownFileType = sourcecode.swift; path = ApiManagerQuestion.swift; sourceTree = "<group>"; };
		7B11D9F724F00ACE0035B888 /* CacheManagerQuestions.swift */ = {isa = PBXFileReference; lastKnownFileType = sourcecode.swift; path = CacheManagerQuestions.swift; sourceTree = "<group>"; };
		7B11D9F924F0A70A0035B888 /* Onboarding.storyboard */ = {isa = PBXFileReference; lastKnownFileType = file.storyboard; path = Onboarding.storyboard; sourceTree = "<group>"; };
		7B11D9FB24F0A8050035B888 /* OnBoardingViewController.swift */ = {isa = PBXFileReference; lastKnownFileType = sourcecode.swift; name = OnBoardingViewController.swift; path = FlashSwift/OnBoardingViewController.swift; sourceTree = SOURCE_ROOT; };
		7B1C597324EA1FF300098F13 /* TipsViewController.swift */ = {isa = PBXFileReference; lastKnownFileType = sourcecode.swift; name = TipsViewController.swift; path = FlashSwift/Controllers/Topics/TipsViewController.swift; sourceTree = SOURCE_ROOT; };
		7B460F3224E6BF7800B6E686 /* Constants.swift */ = {isa = PBXFileReference; lastKnownFileType = sourcecode.swift; path = Constants.swift; sourceTree = "<group>"; };
		7B460F3424E6CCE000B6E686 /* .swiftlint.yml */ = {isa = PBXFileReference; fileEncoding = 4; lastKnownFileType = text.yaml; path = .swiftlint.yml; sourceTree = "<group>"; };
		7B5E983B24E57FF60016804E /* FlashSwift.app */ = {isa = PBXFileReference; explicitFileType = wrapper.application; includeInIndex = 0; path = FlashSwift.app; sourceTree = BUILT_PRODUCTS_DIR; };
		7B5E983E24E57FF60016804E /* AppDelegate.swift */ = {isa = PBXFileReference; lastKnownFileType = sourcecode.swift; path = AppDelegate.swift; sourceTree = "<group>"; };
		7B5E984024E57FF60016804E /* SceneDelegate.swift */ = {isa = PBXFileReference; lastKnownFileType = sourcecode.swift; path = SceneDelegate.swift; sourceTree = "<group>"; };
		7B5E984824E57FF60016804E /* FlashSwift.xcdatamodel */ = {isa = PBXFileReference; lastKnownFileType = wrapper.xcdatamodel; path = FlashSwift.xcdatamodel; sourceTree = "<group>"; };
		7B5E984A24E57FF70016804E /* Assets.xcassets */ = {isa = PBXFileReference; lastKnownFileType = folder.assetcatalog; path = Assets.xcassets; sourceTree = "<group>"; };
		7B5E984D24E57FF70016804E /* Base */ = {isa = PBXFileReference; lastKnownFileType = file.storyboard; name = Base; path = Base.lproj/LaunchScreen.storyboard; sourceTree = "<group>"; };
		7B5E984F24E57FF70016804E /* Info.plist */ = {isa = PBXFileReference; lastKnownFileType = text.plist.xml; path = Info.plist; sourceTree = "<group>"; };
		7B5E985424E57FF70016804E /* FlashSwiftTests.xctest */ = {isa = PBXFileReference; explicitFileType = wrapper.cfbundle; includeInIndex = 0; path = FlashSwiftTests.xctest; sourceTree = BUILT_PRODUCTS_DIR; };
		7B5E985824E57FF70016804E /* FlashSwiftTests.swift */ = {isa = PBXFileReference; lastKnownFileType = sourcecode.swift; path = FlashSwiftTests.swift; sourceTree = "<group>"; };
		7B5E985A24E57FF70016804E /* Info.plist */ = {isa = PBXFileReference; lastKnownFileType = text.plist.xml; path = Info.plist; sourceTree = "<group>"; };
		7B5E985F24E57FF70016804E /* FlashSwiftUITests.xctest */ = {isa = PBXFileReference; explicitFileType = wrapper.cfbundle; includeInIndex = 0; path = FlashSwiftUITests.xctest; sourceTree = BUILT_PRODUCTS_DIR; };
		7B5E986324E57FF70016804E /* FlashSwiftUITests.swift */ = {isa = PBXFileReference; lastKnownFileType = sourcecode.swift; path = FlashSwiftUITests.swift; sourceTree = "<group>"; };
		7B5E986524E57FF70016804E /* Info.plist */ = {isa = PBXFileReference; lastKnownFileType = text.plist.xml; path = Info.plist; sourceTree = "<group>"; };
		7B74344324E95C48004F0B73 /* CacheManagerMidia.swift */ = {isa = PBXFileReference; lastKnownFileType = sourcecode.swift; path = CacheManagerMidia.swift; sourceTree = "<group>"; };
		7B7652B124E7568E0011DCB6 /* MidiaModel.swift */ = {isa = PBXFileReference; lastKnownFileType = sourcecode.swift; path = MidiaModel.swift; sourceTree = "<group>"; };
		7B7652B524E78CE50011DCB6 /* ApiModel.swift */ = {isa = PBXFileReference; lastKnownFileType = sourcecode.swift; path = ApiModel.swift; sourceTree = "<group>"; };
		7B7652B724E78F350011DCB6 /* MidiaViewController.swift */ = {isa = PBXFileReference; lastKnownFileType = sourcecode.swift; path = MidiaViewController.swift; sourceTree = "<group>"; };
		7B7652BA24E7A5F70011DCB6 /* ResponseApiMidia.swift */ = {isa = PBXFileReference; lastKnownFileType = sourcecode.swift; path = ResponseApiMidia.swift; sourceTree = "<group>"; };
		7B7652BD24E8AB190011DCB6 /* ApiError.swift */ = {isa = PBXFileReference; lastKnownFileType = sourcecode.swift; path = ApiError.swift; sourceTree = "<group>"; };
		7BA7C32724EEC41300407E39 /* QuestionsViewController.swift */ = {isa = PBXFileReference; lastKnownFileType = sourcecode.swift; path = QuestionsViewController.swift; sourceTree = "<group>"; };
		7BD72A4924E98E40004179D2 /* TopicsViewController.swift */ = {isa = PBXFileReference; lastKnownFileType = sourcecode.swift; path = TopicsViewController.swift; sourceTree = "<group>"; };
		7BD72A4B24E98F91004179D2 /* TopicsModel.swift */ = {isa = PBXFileReference; lastKnownFileType = sourcecode.swift; path = TopicsModel.swift; sourceTree = "<group>"; };
		7BEA64D624E8D04800DCA8F7 /* VideoTableViewCell.swift */ = {isa = PBXFileReference; lastKnownFileType = sourcecode.swift; path = VideoTableViewCell.swift; sourceTree = "<group>"; };
		7BEDAAF124EEBDEC008C6CB8 /* ApiKeys.swift */ = {isa = PBXFileReference; fileEncoding = 4; lastKnownFileType = sourcecode.swift; name = ApiKeys.swift; path = FlashSwift/ApiKeys.swift; sourceTree = "<group>"; };
		7BEDC13C24E9735400EAA8DF /* WebKit.framework */ = {isa = PBXFileReference; lastKnownFileType = wrapper.framework; name = WebKit.framework; path = System/Library/Frameworks/WebKit.framework; sourceTree = SDKROOT; };
		7BF2CD4424E96EAD0076249F /* DetailViewController.swift */ = {isa = PBXFileReference; lastKnownFileType = sourcecode.swift; path = DetailViewController.swift; sourceTree = "<group>"; };
		7BFD4AF124E5FE5F00055E23 /* TabBar.storyboard */ = {isa = PBXFileReference; lastKnownFileType = file.storyboard; path = TabBar.storyboard; sourceTree = "<group>"; };
		7BFD4AF424E5FFA000055E23 /* Questions.storyboard */ = {isa = PBXFileReference; lastKnownFileType = file.storyboard; path = Questions.storyboard; sourceTree = "<group>"; };
		7BFD4AF624E5FFA800055E23 /* Topics.storyboard */ = {isa = PBXFileReference; lastKnownFileType = file.storyboard; path = Topics.storyboard; sourceTree = "<group>"; };
		7BFD4AF824E5FFB000055E23 /* Midia.storyboard */ = {isa = PBXFileReference; lastKnownFileType = file.storyboard; path = Midia.storyboard; sourceTree = "<group>"; };
/* End PBXFileReference section */

/* Begin PBXFrameworksBuildPhase section */
		7B5E983824E57FF60016804E /* Frameworks */ = {
			isa = PBXFrameworksBuildPhase;
			buildActionMask = 2147483647;
			files = (
				7BEDC13D24E9735400EAA8DF /* WebKit.framework in Frameworks */,
			);
			runOnlyForDeploymentPostprocessing = 0;
		};
		7B5E985124E57FF70016804E /* Frameworks */ = {
			isa = PBXFrameworksBuildPhase;
			buildActionMask = 2147483647;
			files = (
			);
			runOnlyForDeploymentPostprocessing = 0;
		};
		7B5E985C24E57FF70016804E /* Frameworks */ = {
			isa = PBXFrameworksBuildPhase;
			buildActionMask = 2147483647;
			files = (
			);
			runOnlyForDeploymentPostprocessing = 0;
		};
/* End PBXFrameworksBuildPhase section */

/* Begin PBXGroup section */
		7B11D9EC24EED6570035B888 /* ApiQuestions */ = {
			isa = PBXGroup;
			children = (
				7B11D9ED24EED91C0035B888 /* ResponseApiQuestion.swift */,
				7B11D9EF24EEDE880035B888 /* ApiManagerQuestion.swift */,
			);
			path = ApiQuestions;
			sourceTree = "<group>";
		};
		7B1C597524EA20AA00098F13 /* Midia */ = {
			isa = PBXGroup;
			children = (
				7BF2CD4424E96EAD0076249F /* DetailViewController.swift */,
				7BEA64D624E8D04800DCA8F7 /* VideoTableViewCell.swift */,
				7B7652B724E78F350011DCB6 /* MidiaViewController.swift */,
			);
			path = Midia;
			sourceTree = "<group>";
		};
		7B5E983224E57FF60016804E = {
			isa = PBXGroup;
			children = (
				7BEDAAF124EEBDEC008C6CB8 /* ApiKeys.swift */,
				7B5E983D24E57FF60016804E /* FlashSwift */,
				7B5E985724E57FF70016804E /* FlashSwiftTests */,
				7B5E986224E57FF70016804E /* FlashSwiftUITests */,
				7B5E983C24E57FF60016804E /* Products */,
				7BEDC13B24E9735400EAA8DF /* Frameworks */,
			);
			sourceTree = "<group>";
		};
		7B5E983C24E57FF60016804E /* Products */ = {
			isa = PBXGroup;
			children = (
				7B5E983B24E57FF60016804E /* FlashSwift.app */,
				7B5E985424E57FF70016804E /* FlashSwiftTests.xctest */,
				7B5E985F24E57FF70016804E /* FlashSwiftUITests.xctest */,
			);
			name = Products;
			sourceTree = "<group>";
		};
		7B5E983D24E57FF60016804E /* FlashSwift */ = {
			isa = PBXGroup;
			children = (
				7B460F3424E6CCE000B6E686 /* .swiftlint.yml */,
				7B5E983E24E57FF60016804E /* AppDelegate.swift */,
				7B5E984024E57FF60016804E /* SceneDelegate.swift */,
				7B74344524E95C52004F0B73 /* Helpers */,
				7BFD4AF324E5FE7000055E23 /* Views */,
				7B5E984F24E57FF70016804E /* Info.plist */,
				7B5E984724E57FF60016804E /* FlashSwift.xcdatamodeld */,
				7B7652B924E78F3D0011DCB6 /* Controllers */,
				7B7652B024E7567B0011DCB6 /* Models */,
			);
			path = FlashSwift;
			sourceTree = "<group>";
		};
		7B5E985724E57FF70016804E /* FlashSwiftTests */ = {
			isa = PBXGroup;
			children = (
				7B5E985824E57FF70016804E /* FlashSwiftTests.swift */,
				7B5E985A24E57FF70016804E /* Info.plist */,
			);
			path = FlashSwiftTests;
			sourceTree = "<group>";
		};
		7B5E986224E57FF70016804E /* FlashSwiftUITests */ = {
			isa = PBXGroup;
			children = (
				7B5E986324E57FF70016804E /* FlashSwiftUITests.swift */,
				7B5E986524E57FF70016804E /* Info.plist */,
			);
			path = FlashSwiftUITests;
			sourceTree = "<group>";
		};
		7B74344524E95C52004F0B73 /* Helpers */ = {
			isa = PBXGroup;
			children = (
				7B74344324E95C48004F0B73 /* CacheManagerMidia.swift */,
				7B460F3224E6BF7800B6E686 /* Constants.swift */,
				7B11D9F724F00ACE0035B888 /* CacheManagerQuestions.swift */,
			);
			path = Helpers;
			sourceTree = "<group>";
		};
		7B7652B024E7567B0011DCB6 /* Models */ = {
			isa = PBXGroup;
			children = (
				7B11D9EC24EED6570035B888 /* ApiQuestions */,
				7B7652BC24E87BE00011DCB6 /* ApiMidia */,
				7B7652BD24E8AB190011DCB6 /* ApiError.swift */,
				7BD72A4B24E98F91004179D2 /* TopicsModel.swift */,
			);
			path = Models;
			sourceTree = "<group>";
		};
		7B7652B924E78F3D0011DCB6 /* Controllers */ = {
			isa = PBXGroup;
			children = (
				7B11D9FB24F0A8050035B888 /* OnBoardingViewController.swift */,
				7BA7C32924EEC42600407E39 /* Questions */,
				7BA7C32624EEC2B900407E39 /* Topics */,
				7B1C597524EA20AA00098F13 /* Midia */,
			);
			path = Controllers;
			sourceTree = "<group>";
		};
		7B7652BC24E87BE00011DCB6 /* ApiMidia */ = {
			isa = PBXGroup;
			children = (
				7B7652B124E7568E0011DCB6 /* MidiaModel.swift */,
				7B7652BA24E7A5F70011DCB6 /* ResponseApiMidia.swift */,
				7B7652B524E78CE50011DCB6 /* ApiModel.swift */,
			);
			path = ApiMidia;
			sourceTree = "<group>";
		};
		7BA7C32624EEC2B900407E39 /* Topics */ = {
			isa = PBXGroup;
			children = (
				7BD72A4924E98E40004179D2 /* TopicsViewController.swift */,
				7B1C597324EA1FF300098F13 /* TipsViewController.swift */,
			);
			path = Topics;
			sourceTree = "<group>";
		};
		7BA7C32924EEC42600407E39 /* Questions */ = {
			isa = PBXGroup;
			children = (
				7BA7C32724EEC41300407E39 /* QuestionsViewController.swift */,
				7B11D9EA24EECFF50035B888 /* QuestionsTableViewCell.swift */,
			);
			path = Questions;
			sourceTree = "<group>";
		};
		7BEDC13B24E9735400EAA8DF /* Frameworks */ = {
			isa = PBXGroup;
			children = (
				7BEDC13C24E9735400EAA8DF /* WebKit.framework */,
			);
			name = Frameworks;
			sourceTree = "<group>";
		};
		7BFD4AF324E5FE7000055E23 /* Views */ = {
			isa = PBXGroup;
			children = (
				7B5E984C24E57FF70016804E /* LaunchScreen.storyboard */,
				7BFD4AF124E5FE5F00055E23 /* TabBar.storyboard */,
				7BFD4AF624E5FFA800055E23 /* Topics.storyboard */,
				7BFD4AF824E5FFB000055E23 /* Midia.storyboard */,
				7BFD4AF424E5FFA000055E23 /* Questions.storyboard */,
				7B11D9F924F0A70A0035B888 /* Onboarding.storyboard */,
				7B5E984A24E57FF70016804E /* Assets.xcassets */,
			);
			path = Views;
			sourceTree = "<group>";
		};
/* End PBXGroup section */

/* Begin PBXNativeTarget section */
		7B5E983A24E57FF60016804E /* FlashSwift */ = {
			isa = PBXNativeTarget;
			buildConfigurationList = 7B5E986824E57FF70016804E /* Build configuration list for PBXNativeTarget "FlashSwift" */;
			buildPhases = (
				7B5E983724E57FF60016804E /* Sources */,
				7B5E983824E57FF60016804E /* Frameworks */,
				7B5E983924E57FF60016804E /* Resources */,
				7B53D9E924E6242900DFE8C6 /* SwiftLint */,
			);
			buildRules = (
			);
			dependencies = (
			);
			name = FlashSwift;
			productName = FlashSwift;
			productReference = 7B5E983B24E57FF60016804E /* FlashSwift.app */;
			productType = "com.apple.product-type.application";
		};
		7B5E985324E57FF70016804E /* FlashSwiftTests */ = {
			isa = PBXNativeTarget;
			buildConfigurationList = 7B5E986B24E57FF70016804E /* Build configuration list for PBXNativeTarget "FlashSwiftTests" */;
			buildPhases = (
				7B5E985024E57FF70016804E /* Sources */,
				7B5E985124E57FF70016804E /* Frameworks */,
				7B5E985224E57FF70016804E /* Resources */,
			);
			buildRules = (
			);
			dependencies = (
				7B5E985624E57FF70016804E /* PBXTargetDependency */,
			);
			name = FlashSwiftTests;
			productName = FlashSwiftTests;
			productReference = 7B5E985424E57FF70016804E /* FlashSwiftTests.xctest */;
			productType = "com.apple.product-type.bundle.unit-test";
		};
		7B5E985E24E57FF70016804E /* FlashSwiftUITests */ = {
			isa = PBXNativeTarget;
			buildConfigurationList = 7B5E986E24E57FF70016804E /* Build configuration list for PBXNativeTarget "FlashSwiftUITests" */;
			buildPhases = (
				7B5E985B24E57FF70016804E /* Sources */,
				7B5E985C24E57FF70016804E /* Frameworks */,
				7B5E985D24E57FF70016804E /* Resources */,
			);
			buildRules = (
			);
			dependencies = (
				7B5E986124E57FF70016804E /* PBXTargetDependency */,
			);
			name = FlashSwiftUITests;
			productName = FlashSwiftUITests;
			productReference = 7B5E985F24E57FF70016804E /* FlashSwiftUITests.xctest */;
			productType = "com.apple.product-type.bundle.ui-testing";
		};
/* End PBXNativeTarget section */

/* Begin PBXProject section */
		7B5E983324E57FF60016804E /* Project object */ = {
			isa = PBXProject;
			attributes = {
				LastSwiftUpdateCheck = 1160;
				LastUpgradeCheck = 1160;
				ORGANIZATIONNAME = "PATRICIA S SIQUEIRA";
				TargetAttributes = {
					7B5E983A24E57FF60016804E = {
						CreatedOnToolsVersion = 11.6;
					};
					7B5E985324E57FF70016804E = {
						CreatedOnToolsVersion = 11.6;
						TestTargetID = 7B5E983A24E57FF60016804E;
					};
					7B5E985E24E57FF70016804E = {
						CreatedOnToolsVersion = 11.6;
						TestTargetID = 7B5E983A24E57FF60016804E;
					};
				};
			};
			buildConfigurationList = 7B5E983624E57FF60016804E /* Build configuration list for PBXProject "FlashSwift" */;
			compatibilityVersion = "Xcode 9.3";
			developmentRegion = en;
			hasScannedForEncodings = 0;
			knownRegions = (
				en,
				Base,
			);
			mainGroup = 7B5E983224E57FF60016804E;
			productRefGroup = 7B5E983C24E57FF60016804E /* Products */;
			projectDirPath = "";
			projectRoot = "";
			targets = (
				7B5E983A24E57FF60016804E /* FlashSwift */,
				7B5E985324E57FF70016804E /* FlashSwiftTests */,
				7B5E985E24E57FF70016804E /* FlashSwiftUITests */,
			);
		};
/* End PBXProject section */

/* Begin PBXResourcesBuildPhase section */
		7B5E983924E57FF60016804E /* Resources */ = {
			isa = PBXResourcesBuildPhase;
			buildActionMask = 2147483647;
			files = (
				7BF6FE1C24F19AA000973455 /* Onboarding.storyboard in Resources */,
				7B5E984E24E57FF70016804E /* LaunchScreen.storyboard in Resources */,
				7BFD4AF724E5FFA800055E23 /* Topics.storyboard in Resources */,
				7BFD4AF224E5FE5F00055E23 /* TabBar.storyboard in Resources */,
				7B460F3524E6CCE000B6E686 /* .swiftlint.yml in Resources */,
				7BFD4AF924E5FFB000055E23 /* Midia.storyboard in Resources */,
				7BFD4AF524E5FFA000055E23 /* Questions.storyboard in Resources */,
				7B5E984B24E57FF70016804E /* Assets.xcassets in Resources */,
			);
			runOnlyForDeploymentPostprocessing = 0;
		};
		7B5E985224E57FF70016804E /* Resources */ = {
			isa = PBXResourcesBuildPhase;
			buildActionMask = 2147483647;
			files = (
			);
			runOnlyForDeploymentPostprocessing = 0;
		};
		7B5E985D24E57FF70016804E /* Resources */ = {
			isa = PBXResourcesBuildPhase;
			buildActionMask = 2147483647;
			files = (
			);
			runOnlyForDeploymentPostprocessing = 0;
		};
/* End PBXResourcesBuildPhase section */

/* Begin PBXShellScriptBuildPhase section */
		7B53D9E924E6242900DFE8C6 /* SwiftLint */ = {
			isa = PBXShellScriptBuildPhase;
			buildActionMask = 2147483647;
			files = (
			);
			inputFileListPaths = (
			);
			inputPaths = (
			);
			name = SwiftLint;
			outputFileListPaths = (
			);
			outputPaths = (
			);
			runOnlyForDeploymentPostprocessing = 0;
			shellPath = /bin/sh;
			shellScript = "if which swiftlint >/dev/null; then\n  swiftlint\nelse\n  echo \"warning: SwiftLint not installed, download from https://github.com/realm/SwiftLint\"\nfi\n";
		};
/* End PBXShellScriptBuildPhase section */

/* Begin PBXSourcesBuildPhase section */
		7B5E983724E57FF60016804E /* Sources */ = {
			isa = PBXSourcesBuildPhase;
			buildActionMask = 2147483647;
			files = (
				7BF6FE1B24F19A8E00973455 /* OnBoardingViewController.swift in Sources */,
				7BD72A4A24E98E40004179D2 /* TopicsViewController.swift in Sources */,
				7B5E983F24E57FF60016804E /* AppDelegate.swift in Sources */,
				7B1C597424EA1FF300098F13 /* TipsViewController.swift in Sources */,
				7B74344424E95C48004F0B73 /* CacheManagerMidia.swift in Sources */,
				7B7652B624E78CE50011DCB6 /* ApiModel.swift in Sources */,
				7B11D9F824F00ACE0035B888 /* CacheManagerQuestions.swift in Sources */,
				7B11D9EB24EECFF50035B888 /* QuestionsTableViewCell.swift in Sources */,
				7BEA64D724E8D04800DCA8F7 /* VideoTableViewCell.swift in Sources */,
				7B7652BE24E8AB190011DCB6 /* ApiError.swift in Sources */,
				7B7652BB24E7A5F70011DCB6 /* ResponseApiMidia.swift in Sources */,
				7B5E984924E57FF60016804E /* FlashSwift.xcdatamodeld in Sources */,
				7B11D9EE24EED91C0035B888 /* ResponseApiQuestion.swift in Sources */,
				7BF2CD4524E96EAD0076249F /* DetailViewController.swift in Sources */,
				7B5E984124E57FF60016804E /* SceneDelegate.swift in Sources */,
				7B460F3324E6BF7800B6E686 /* Constants.swift in Sources */,
				7B7652B224E7568E0011DCB6 /* MidiaModel.swift in Sources */,
				7B7652B824E78F350011DCB6 /* MidiaViewController.swift in Sources */,
				7B11D9F024EEDE880035B888 /* ApiManagerQuestion.swift in Sources */,
				7BEDAAF224EEBDEC008C6CB8 /* ApiKeys.swift in Sources */,
				7BD72A4C24E98F91004179D2 /* TopicsModel.swift in Sources */,
				7BA7C32824EEC41300407E39 /* QuestionsViewController.swift in Sources */,
			);
			runOnlyForDeploymentPostprocessing = 0;
		};
		7B5E985024E57FF70016804E /* Sources */ = {
			isa = PBXSourcesBuildPhase;
			buildActionMask = 2147483647;
			files = (
				7B5E985924E57FF70016804E /* FlashSwiftTests.swift in Sources */,
			);
			runOnlyForDeploymentPostprocessing = 0;
		};
		7B5E985B24E57FF70016804E /* Sources */ = {
			isa = PBXSourcesBuildPhase;
			buildActionMask = 2147483647;
			files = (
				7B5E986424E57FF70016804E /* FlashSwiftUITests.swift in Sources */,
			);
			runOnlyForDeploymentPostprocessing = 0;
		};
/* End PBXSourcesBuildPhase section */

/* Begin PBXTargetDependency section */
		7B5E985624E57FF70016804E /* PBXTargetDependency */ = {
			isa = PBXTargetDependency;
			target = 7B5E983A24E57FF60016804E /* FlashSwift */;
			targetProxy = 7B5E985524E57FF70016804E /* PBXContainerItemProxy */;
		};
		7B5E986124E57FF70016804E /* PBXTargetDependency */ = {
			isa = PBXTargetDependency;
			target = 7B5E983A24E57FF60016804E /* FlashSwift */;
			targetProxy = 7B5E986024E57FF70016804E /* PBXContainerItemProxy */;
		};
/* End PBXTargetDependency section */

/* Begin PBXVariantGroup section */
		7B5E984C24E57FF70016804E /* LaunchScreen.storyboard */ = {
			isa = PBXVariantGroup;
			children = (
				7B5E984D24E57FF70016804E /* Base */,
			);
			name = LaunchScreen.storyboard;
			sourceTree = "<group>";
		};
/* End PBXVariantGroup section */

/* Begin XCBuildConfiguration section */
		7B5E986624E57FF70016804E /* Debug */ = {
			isa = XCBuildConfiguration;
			buildSettings = {
				ALWAYS_SEARCH_USER_PATHS = NO;
				CLANG_ANALYZER_NONNULL = YES;
				CLANG_ANALYZER_NUMBER_OBJECT_CONVERSION = YES_AGGRESSIVE;
				CLANG_CXX_LANGUAGE_STANDARD = "gnu++14";
				CLANG_CXX_LIBRARY = "libc++";
				CLANG_ENABLE_MODULES = YES;
				CLANG_ENABLE_OBJC_ARC = YES;
				CLANG_ENABLE_OBJC_WEAK = YES;
				CLANG_WARN_BLOCK_CAPTURE_AUTORELEASING = YES;
				CLANG_WARN_BOOL_CONVERSION = YES;
				CLANG_WARN_COMMA = YES;
				CLANG_WARN_CONSTANT_CONVERSION = YES;
				CLANG_WARN_DEPRECATED_OBJC_IMPLEMENTATIONS = YES;
				CLANG_WARN_DIRECT_OBJC_ISA_USAGE = YES_ERROR;
				CLANG_WARN_DOCUMENTATION_COMMENTS = YES;
				CLANG_WARN_EMPTY_BODY = YES;
				CLANG_WARN_ENUM_CONVERSION = YES;
				CLANG_WARN_INFINITE_RECURSION = YES;
				CLANG_WARN_INT_CONVERSION = YES;
				CLANG_WARN_NON_LITERAL_NULL_CONVERSION = YES;
				CLANG_WARN_OBJC_IMPLICIT_RETAIN_SELF = YES;
				CLANG_WARN_OBJC_LITERAL_CONVERSION = YES;
				CLANG_WARN_OBJC_ROOT_CLASS = YES_ERROR;
				CLANG_WARN_RANGE_LOOP_ANALYSIS = YES;
				CLANG_WARN_STRICT_PROTOTYPES = YES;
				CLANG_WARN_SUSPICIOUS_MOVE = YES;
				CLANG_WARN_UNGUARDED_AVAILABILITY = YES_AGGRESSIVE;
				CLANG_WARN_UNREACHABLE_CODE = YES;
				CLANG_WARN__DUPLICATE_METHOD_MATCH = YES;
				COPY_PHASE_STRIP = NO;
				DEBUG_INFORMATION_FORMAT = dwarf;
				ENABLE_STRICT_OBJC_MSGSEND = YES;
				ENABLE_TESTABILITY = YES;
				GCC_C_LANGUAGE_STANDARD = gnu11;
				GCC_DYNAMIC_NO_PIC = NO;
				GCC_NO_COMMON_BLOCKS = YES;
				GCC_OPTIMIZATION_LEVEL = 0;
				GCC_PREPROCESSOR_DEFINITIONS = (
					"DEBUG=1",
					"$(inherited)",
				);
				GCC_WARN_64_TO_32_BIT_CONVERSION = YES;
				GCC_WARN_ABOUT_RETURN_TYPE = YES_ERROR;
				GCC_WARN_UNDECLARED_SELECTOR = YES;
				GCC_WARN_UNINITIALIZED_AUTOS = YES_AGGRESSIVE;
				GCC_WARN_UNUSED_FUNCTION = YES;
				GCC_WARN_UNUSED_VARIABLE = YES;
				IPHONEOS_DEPLOYMENT_TARGET = 13.6;
				MTL_ENABLE_DEBUG_INFO = INCLUDE_SOURCE;
				MTL_FAST_MATH = YES;
				ONLY_ACTIVE_ARCH = YES;
				SDKROOT = iphoneos;
				SWIFT_ACTIVE_COMPILATION_CONDITIONS = DEBUG;
				SWIFT_OPTIMIZATION_LEVEL = "-Onone";
			};
			name = Debug;
		};
		7B5E986724E57FF70016804E /* Release */ = {
			isa = XCBuildConfiguration;
			buildSettings = {
				ALWAYS_SEARCH_USER_PATHS = NO;
				CLANG_ANALYZER_NONNULL = YES;
				CLANG_ANALYZER_NUMBER_OBJECT_CONVERSION = YES_AGGRESSIVE;
				CLANG_CXX_LANGUAGE_STANDARD = "gnu++14";
				CLANG_CXX_LIBRARY = "libc++";
				CLANG_ENABLE_MODULES = YES;
				CLANG_ENABLE_OBJC_ARC = YES;
				CLANG_ENABLE_OBJC_WEAK = YES;
				CLANG_WARN_BLOCK_CAPTURE_AUTORELEASING = YES;
				CLANG_WARN_BOOL_CONVERSION = YES;
				CLANG_WARN_COMMA = YES;
				CLANG_WARN_CONSTANT_CONVERSION = YES;
				CLANG_WARN_DEPRECATED_OBJC_IMPLEMENTATIONS = YES;
				CLANG_WARN_DIRECT_OBJC_ISA_USAGE = YES_ERROR;
				CLANG_WARN_DOCUMENTATION_COMMENTS = YES;
				CLANG_WARN_EMPTY_BODY = YES;
				CLANG_WARN_ENUM_CONVERSION = YES;
				CLANG_WARN_INFINITE_RECURSION = YES;
				CLANG_WARN_INT_CONVERSION = YES;
				CLANG_WARN_NON_LITERAL_NULL_CONVERSION = YES;
				CLANG_WARN_OBJC_IMPLICIT_RETAIN_SELF = YES;
				CLANG_WARN_OBJC_LITERAL_CONVERSION = YES;
				CLANG_WARN_OBJC_ROOT_CLASS = YES_ERROR;
				CLANG_WARN_RANGE_LOOP_ANALYSIS = YES;
				CLANG_WARN_STRICT_PROTOTYPES = YES;
				CLANG_WARN_SUSPICIOUS_MOVE = YES;
				CLANG_WARN_UNGUARDED_AVAILABILITY = YES_AGGRESSIVE;
				CLANG_WARN_UNREACHABLE_CODE = YES;
				CLANG_WARN__DUPLICATE_METHOD_MATCH = YES;
				COPY_PHASE_STRIP = NO;
				DEBUG_INFORMATION_FORMAT = "dwarf-with-dsym";
				ENABLE_NS_ASSERTIONS = NO;
				ENABLE_STRICT_OBJC_MSGSEND = YES;
				GCC_C_LANGUAGE_STANDARD = gnu11;
				GCC_NO_COMMON_BLOCKS = YES;
				GCC_WARN_64_TO_32_BIT_CONVERSION = YES;
				GCC_WARN_ABOUT_RETURN_TYPE = YES_ERROR;
				GCC_WARN_UNDECLARED_SELECTOR = YES;
				GCC_WARN_UNINITIALIZED_AUTOS = YES_AGGRESSIVE;
				GCC_WARN_UNUSED_FUNCTION = YES;
				GCC_WARN_UNUSED_VARIABLE = YES;
				IPHONEOS_DEPLOYMENT_TARGET = 13.6;
				MTL_ENABLE_DEBUG_INFO = NO;
				MTL_FAST_MATH = YES;
				SDKROOT = iphoneos;
				SWIFT_COMPILATION_MODE = wholemodule;
				SWIFT_OPTIMIZATION_LEVEL = "-O";
				VALIDATE_PRODUCT = YES;
			};
			name = Release;
		};
		7B5E986924E57FF70016804E /* Debug */ = {
			isa = XCBuildConfiguration;
			buildSettings = {
				ASSETCATALOG_COMPILER_APPICON_NAME = AppIcon;
				CODE_SIGN_STYLE = Automatic;
				DEVELOPMENT_TEAM = 937MK3AF6X;
				INFOPLIST_FILE = FlashSwift/Info.plist;
				LD_RUNPATH_SEARCH_PATHS = (
					"$(inherited)",
					"@executable_path/Frameworks",
				);
				PRODUCT_BUNDLE_IDENTIFIER = com.patriciasampaiosiqueira.FlashSwift;
				PRODUCT_NAME = "$(TARGET_NAME)";
				SWIFT_VERSION = 5.0;
				TARGETED_DEVICE_FAMILY = "1,2";
			};
			name = Debug;
		};
		7B5E986A24E57FF70016804E /* Release */ = {
			isa = XCBuildConfiguration;
			buildSettings = {
				ASSETCATALOG_COMPILER_APPICON_NAME = AppIcon;
				CODE_SIGN_STYLE = Automatic;
				DEVELOPMENT_TEAM = 937MK3AF6X;
				INFOPLIST_FILE = FlashSwift/Info.plist;
				LD_RUNPATH_SEARCH_PATHS = (
					"$(inherited)",
					"@executable_path/Frameworks",
				);
				PRODUCT_BUNDLE_IDENTIFIER = com.patriciasampaiosiqueira.FlashSwift;
				PRODUCT_NAME = "$(TARGET_NAME)";
				SWIFT_VERSION = 5.0;
				TARGETED_DEVICE_FAMILY = "1,2";
			};
			name = Release;
		};
		7B5E986C24E57FF70016804E /* Debug */ = {
			isa = XCBuildConfiguration;
			buildSettings = {
				ALWAYS_EMBED_SWIFT_STANDARD_LIBRARIES = YES;
				BUNDLE_LOADER = "$(TEST_HOST)";
				CODE_SIGN_STYLE = Automatic;
				DEVELOPMENT_TEAM = 937MK3AF6X;
				INFOPLIST_FILE = FlashSwiftTests/Info.plist;
				IPHONEOS_DEPLOYMENT_TARGET = 13.6;
				LD_RUNPATH_SEARCH_PATHS = (
					"$(inherited)",
					"@executable_path/Frameworks",
					"@loader_path/Frameworks",
				);
				PRODUCT_BUNDLE_IDENTIFIER = com.patriciasampaiosiqueira.FlashSwiftTests;
				PRODUCT_NAME = "$(TARGET_NAME)";
				SWIFT_VERSION = 5.0;
				TARGETED_DEVICE_FAMILY = "1,2";
				TEST_HOST = "$(BUILT_PRODUCTS_DIR)/FlashSwift.app/FlashSwift";
			};
			name = Debug;
		};
		7B5E986D24E57FF70016804E /* Release */ = {
			isa = XCBuildConfiguration;
			buildSettings = {
				ALWAYS_EMBED_SWIFT_STANDARD_LIBRARIES = YES;
				BUNDLE_LOADER = "$(TEST_HOST)";
				CODE_SIGN_STYLE = Automatic;
				DEVELOPMENT_TEAM = 937MK3AF6X;
				INFOPLIST_FILE = FlashSwiftTests/Info.plist;
				IPHONEOS_DEPLOYMENT_TARGET = 13.6;
				LD_RUNPATH_SEARCH_PATHS = (
					"$(inherited)",
					"@executable_path/Frameworks",
					"@loader_path/Frameworks",
				);
				PRODUCT_BUNDLE_IDENTIFIER = com.patriciasampaiosiqueira.FlashSwiftTests;
				PRODUCT_NAME = "$(TARGET_NAME)";
				SWIFT_VERSION = 5.0;
				TARGETED_DEVICE_FAMILY = "1,2";
				TEST_HOST = "$(BUILT_PRODUCTS_DIR)/FlashSwift.app/FlashSwift";
			};
			name = Release;
		};
		7B5E986F24E57FF70016804E /* Debug */ = {
			isa = XCBuildConfiguration;
			buildSettings = {
				ALWAYS_EMBED_SWIFT_STANDARD_LIBRARIES = YES;
				CODE_SIGN_STYLE = Automatic;
				DEVELOPMENT_TEAM = 937MK3AF6X;
				INFOPLIST_FILE = FlashSwiftUITests/Info.plist;
				LD_RUNPATH_SEARCH_PATHS = (
					"$(inherited)",
					"@executable_path/Frameworks",
					"@loader_path/Frameworks",
				);
				PRODUCT_BUNDLE_IDENTIFIER = com.patriciasampaiosiqueira.FlashSwiftUITests;
				PRODUCT_NAME = "$(TARGET_NAME)";
				SWIFT_VERSION = 5.0;
				TARGETED_DEVICE_FAMILY = "1,2";
				TEST_TARGET_NAME = FlashSwift;
			};
			name = Debug;
		};
		7B5E987024E57FF70016804E /* Release */ = {
			isa = XCBuildConfiguration;
			buildSettings = {
				ALWAYS_EMBED_SWIFT_STANDARD_LIBRARIES = YES;
				CODE_SIGN_STYLE = Automatic;
				DEVELOPMENT_TEAM = 937MK3AF6X;
				INFOPLIST_FILE = FlashSwiftUITests/Info.plist;
				LD_RUNPATH_SEARCH_PATHS = (
					"$(inherited)",
					"@executable_path/Frameworks",
					"@loader_path/Frameworks",
				);
				PRODUCT_BUNDLE_IDENTIFIER = com.patriciasampaiosiqueira.FlashSwiftUITests;
				PRODUCT_NAME = "$(TARGET_NAME)";
				SWIFT_VERSION = 5.0;
				TARGETED_DEVICE_FAMILY = "1,2";
				TEST_TARGET_NAME = FlashSwift;
			};
			name = Release;
		};
/* End XCBuildConfiguration section */

/* Begin XCConfigurationList section */
		7B5E983624E57FF60016804E /* Build configuration list for PBXProject "FlashSwift" */ = {
			isa = XCConfigurationList;
			buildConfigurations = (
				7B5E986624E57FF70016804E /* Debug */,
				7B5E986724E57FF70016804E /* Release */,
			);
			defaultConfigurationIsVisible = 0;
			defaultConfigurationName = Release;
		};
		7B5E986824E57FF70016804E /* Build configuration list for PBXNativeTarget "FlashSwift" */ = {
			isa = XCConfigurationList;
			buildConfigurations = (
				7B5E986924E57FF70016804E /* Debug */,
				7B5E986A24E57FF70016804E /* Release */,
			);
			defaultConfigurationIsVisible = 0;
			defaultConfigurationName = Release;
		};
		7B5E986B24E57FF70016804E /* Build configuration list for PBXNativeTarget "FlashSwiftTests" */ = {
			isa = XCConfigurationList;
			buildConfigurations = (
				7B5E986C24E57FF70016804E /* Debug */,
				7B5E986D24E57FF70016804E /* Release */,
			);
			defaultConfigurationIsVisible = 0;
			defaultConfigurationName = Release;
		};
		7B5E986E24E57FF70016804E /* Build configuration list for PBXNativeTarget "FlashSwiftUITests" */ = {
			isa = XCConfigurationList;
			buildConfigurations = (
				7B5E986F24E57FF70016804E /* Debug */,
				7B5E987024E57FF70016804E /* Release */,
			);
			defaultConfigurationIsVisible = 0;
			defaultConfigurationName = Release;
		};
/* End XCConfigurationList section */

/* Begin XCVersionGroup section */
		7B5E984724E57FF60016804E /* FlashSwift.xcdatamodeld */ = {
			isa = XCVersionGroup;
			children = (
				7B5E984824E57FF60016804E /* FlashSwift.xcdatamodel */,
			);
			currentVersion = 7B5E984824E57FF60016804E /* FlashSwift.xcdatamodel */;
			path = FlashSwift.xcdatamodeld;
			sourceTree = "<group>";
			versionGroupType = wrapper.xcdatamodel;
		};
/* End XCVersionGroup section */
	};
	rootObject = 7B5E983324E57FF60016804E /* Project object */;
}
